
Microsoft Visual Studio Solution File, Format Version 12.00
# Visual Studio 15
VisualStudioVersion = 15.0.28307.106
MinimumVisualStudioVersion = 10.0.40219.1
Project("{9A19103F-16F7-4668-BE54-9A1E7A4F7556}") = "ConsoleApp1", "ConsoleApp1\ConsoleApp1.csproj", "{7AFD4E06-60B7-4892-9082-835B9AC6E67C}"
EndProject
Global
	GlobalSection(SolutionConfigurationPlatforms) = preSolution
		Debug|Any CPU = Debug|Any CPU
		Debug|x64 = Debug|x64
		Release|Any CPU = Release|Any CPU
		Release|x64 = Release|x64
	EndGlobalSection
	GlobalSection(ProjectConfigurationPlatforms) = postSolution
		{7AFD4E06-60B7-4892-9082-835B9AC6E67C}.Debug|Any CPU.ActiveCfg = Debug|Any CPU
		{7AFD4E06-60B7-4892-9082-835B9AC6E67C}.Debug|Any CPU.Build.0 = Debug|Any CPU
		{7AFD4E06-60B7-4892-9082-835B9AC6E67C}.Debug|x64.ActiveCfg = Debug|x64
		{7AFD4E06-60B7-4892-9082-835B9AC6E67C}.Debug|x64.Build.0 = Debug|x64
		{7AFD4E06-60B7-4892-9082-835B9AC6E67C}.Release|Any CPU.ActiveCfg = Release|Any CPU
		{7AFD4E06-60B7-4892-9082-835B9AC6E67C}.Release|Any CPU.Build.0 = Release|Any CPU
		{7AFD4E06-60B7-4892-9082-835B9AC6E67C}.Release|x64.ActiveCfg = Release|x64
		{7AFD4E06-60B7-4892-9082-835B9AC6E67C}.Release|x64.Build.0 = Release|x64
	EndGlobalSection
	GlobalSection(SolutionProperties) = preSolution
		HideSolutionNode = FALSE
	EndGlobalSection
	GlobalSection(ExtensibilityGlobals) = postSolution
		SolutionGuid = {91A2E6F5-9DDD-4153-B676-26F51E11E207}
	EndGlobalSection
EndGlobal
